
Microsoft Visual Studio Solution File, Format Version 12.00
Project("{FAE04EC0-301F-11D3-BF4B-00C04F79EFBC}") = "MeowTesting", "MeowTesting\MeowTesting.csproj", "{AFECBD77-63F5-4E18-91C0-EB4A90787B13}"
EndProject
Global
	GlobalSection(SolutionConfigurationPlatforms) = preSolution
		Debug|Any CPU = Debug|Any CPU
		Release|Any CPU = Release|Any CPU
	EndGlobalSection
	GlobalSection(ProjectConfigurationPlatforms) = postSolution
		{AFECBD77-63F5-4E18-91C0-EB4A90787B13}.Debug|Any CPU.ActiveCfg = Debug|Any CPU
		{AFECBD77-63F5-4E18-91C0-EB4A90787B13}.Debug|Any CPU.Build.0 = Debug|Any CPU
		{AFECBD77-63F5-4E18-91C0-EB4A90787B13}.Release|Any CPU.ActiveCfg = Release|Any CPU
		{AFECBD77-63F5-4E18-91C0-EB4A90787B13}.Release|Any CPU.Build.0 = Release|Any CPU
	EndGlobalSection
EndGlobal
